
Microsoft Visual Studio Solution File, Format Version 12.00
# Visual Studio Version 17
VisualStudioVersion = 17.5.2.0
MinimumVisualStudioVersion = 10.0.40219.1
Project("{FAE04EC0-301F-11D3-BF4B-00C04F79EFBC}") = "SessionAPI", "SessionAPI.csproj", "{D27C5D74-0CE2-9094-163A-F1368A8A44DE}"
EndProject
Project("{FAE04EC0-301F-11D3-BF4B-00C04F79EFBC}") = "TimedSessionAPI.IntegrationTests", "..\TimedSessionAPI.IntegrationTests\TimedSessionAPI.IntegrationTests.csproj", "{746F9DDC-E829-4658-B29B-D175203D62E5}"
EndProject
Global
	GlobalSection(SolutionConfigurationPlatforms) = preSolution
		Debug|Any CPU = Debug|Any CPU
		Debug|x64 = Debug|x64
		Debug|x86 = Debug|x86
		Release|Any CPU = Release|Any CPU
		Release|x64 = Release|x64
		Release|x86 = Release|x86
	EndGlobalSection
	GlobalSection(ProjectConfigurationPlatforms) = postSolution
		{D27C5D74-0CE2-9094-163A-F1368A8A44DE}.Debug|Any CPU.ActiveCfg = Debug|Any CPU
		{D27C5D74-0CE2-9094-163A-F1368A8A44DE}.Debug|Any CPU.Build.0 = Debug|Any CPU
		{D27C5D74-0CE2-9094-163A-F1368A8A44DE}.Debug|x64.ActiveCfg = Debug|Any CPU
		{D27C5D74-0CE2-9094-163A-F1368A8A44DE}.Debug|x64.Build.0 = Debug|Any CPU
		{D27C5D74-0CE2-9094-163A-F1368A8A44DE}.Debug|x86.ActiveCfg = Debug|Any CPU
		{D27C5D74-0CE2-9094-163A-F1368A8A44DE}.Debug|x86.Build.0 = Debug|Any CPU
		{D27C5D74-0CE2-9094-163A-F1368A8A44DE}.Release|Any CPU.ActiveCfg = Release|Any CPU
		{D27C5D74-0CE2-9094-163A-F1368A8A44DE}.Release|Any CPU.Build.0 = Release|Any CPU
		{D27C5D74-0CE2-9094-163A-F1368A8A44DE}.Release|x64.ActiveCfg = Release|Any CPU
		{D27C5D74-0CE2-9094-163A-F1368A8A44DE}.Release|x64.Build.0 = Release|Any CPU
		{D27C5D74-0CE2-9094-163A-F1368A8A44DE}.Release|x86.ActiveCfg = Release|Any CPU
		{D27C5D74-0CE2-9094-163A-F1368A8A44DE}.Release|x86.Build.0 = Release|Any CPU
		{746F9DDC-E829-4658-B29B-D175203D62E5}.Debug|Any CPU.ActiveCfg = Debug|Any CPU
		{746F9DDC-E829-4658-B29B-D175203D62E5}.Debug|Any CPU.Build.0 = Debug|Any CPU
		{746F9DDC-E829-4658-B29B-D175203D62E5}.Debug|x64.ActiveCfg = Debug|Any CPU
		{746F9DDC-E829-4658-B29B-D175203D62E5}.Debug|x64.Build.0 = Debug|Any CPU
		{746F9DDC-E829-4658-B29B-D175203D62E5}.Debug|x86.ActiveCfg = Debug|Any CPU
		{746F9DDC-E829-4658-B29B-D175203D62E5}.Debug|x86.Build.0 = Debug|Any CPU
		{746F9DDC-E829-4658-B29B-D175203D62E5}.Release|Any CPU.ActiveCfg = Release|Any CPU
		{746F9DDC-E829-4658-B29B-D175203D62E5}.Release|Any CPU.Build.0 = Release|Any CPU
		{746F9DDC-E829-4658-B29B-D175203D62E5}.Release|x64.ActiveCfg = Release|Any CPU
		{746F9DDC-E829-4658-B29B-D175203D62E5}.Release|x64.Build.0 = Release|Any CPU
		{746F9DDC-E829-4658-B29B-D175203D62E5}.Release|x86.ActiveCfg = Release|Any CPU
		{746F9DDC-E829-4658-B29B-D175203D62E5}.Release|x86.Build.0 = Release|Any CPU
	EndGlobalSection
	GlobalSection(SolutionProperties) = preSolution
		HideSolutionNode = FALSE
	EndGlobalSection
	GlobalSection(ExtensibilityGlobals) = postSolution
		SolutionGuid = {BE541A68-6897-44F2-B640-CDD1B591E73E}
	EndGlobalSection
EndGlobal
